
Microsoft Visual Studio Solution File, Format Version 12.00
# Visual Studio Version 17
VisualStudioVersion = 17.4.33110.190
MinimumVisualStudioVersion = 10.0.40219.1
Project("{FAE04EC0-301F-11D3-BF4B-00C04F79EFBC}") = "HelloWorld", "HelloWorld\HelloWorld.csproj", "{104B427D-7498-4CE7-914B-EDF4576547FC}"
EndProject
Global
	GlobalSection(SolutionConfigurationPlatforms) = preSolution
		Debug|Any CPU = Debug|Any CPU
		Release|Any CPU = Release|Any CPU
	EndGlobalSection
	GlobalSection(ProjectConfigurationPlatforms) = postSolution
		{104B427D-7498-4CE7-914B-EDF4576547FC}.Debug|Any CPU.ActiveCfg = Debug|Any CPU
		{104B427D-7498-4CE7-914B-EDF4576547FC}.Debug|Any CPU.Build.0 = Debug|Any CPU
		{104B427D-7498-4CE7-914B-EDF4576547FC}.Release|Any CPU.ActiveCfg = Release|Any CPU
		{104B427D-7498-4CE7-914B-EDF4576547FC}.Release|Any CPU.Build.0 = Release|Any CPU
	EndGlobalSection
	GlobalSection(SolutionProperties) = preSolution
		HideSolutionNode = FALSE
	EndGlobalSection
	GlobalSection(ExtensibilityGlobals) = postSolution
		SolutionGuid = {AF17E303-7E93-4420-AC7F-E0FA5C69D596}
	EndGlobalSection
EndGlobal
